// !$*UTF8*$!
{
	archiveVersion = 1;
	classes = {
	};
	objectVersion = 50;
	objects = {

/* Begin PBXBuildFile section */
		A13A0FCD24DF7CB300A5C0EE /* AppDelegate.swift in Sources */ = {isa = PBXBuildFile; fileRef = A13A0FCC24DF7CB300A5C0EE /* AppDelegate.swift */; };
		A13A0FCF24DF7CB300A5C0EE /* SceneDelegate.swift in Sources */ = {isa = PBXBuildFile; fileRef = A13A0FCE24DF7CB300A5C0EE /* SceneDelegate.swift */; };
		A13A0FD124DF7CB300A5C0EE /* ContentView.swift in Sources */ = {isa = PBXBuildFile; fileRef = A13A0FD024DF7CB300A5C0EE /* ContentView.swift */; };
		A13A0FD324DF7CB500A5C0EE /* Assets.xcassets in Resources */ = {isa = PBXBuildFile; fileRef = A13A0FD224DF7CB500A5C0EE /* Assets.xcassets */; };
		A13A0FD624DF7CB500A5C0EE /* Preview Assets.xcassets in Resources */ = {isa = PBXBuildFile; fileRef = A13A0FD524DF7CB500A5C0EE /* Preview Assets.xcassets */; };
		A13A0FD924DF7CB500A5C0EE /* LaunchScreen.storyboard in Resources */ = {isa = PBXBuildFile; fileRef = A13A0FD724DF7CB500A5C0EE /* LaunchScreen.storyboard */; };
		A13A0FE424DF7CB600A5C0EE /* ExampleAppTests.swift in Sources */ = {isa = PBXBuildFile; fileRef = A13A0FE324DF7CB600A5C0EE /* ExampleAppTests.swift */; };
		A13A0FF524DF7F1800A5C0EE /* OtherTests.swift in Sources */ = {isa = PBXBuildFile; fileRef = A13A0FF424DF7F1800A5C0EE /* OtherTests.swift */; };
/* End PBXBuildFile section */

/* Begin PBXContainerItemProxy section */
		A13A0FE024DF7CB600A5C0EE /* PBXContainerItemProxy */ = {
			isa = PBXContainerItemProxy;
			containerPortal = A13A0FC124DF7CB300A5C0EE /* Project object */;
			proxyType = 1;
			remoteGlobalIDString = A13A0FC824DF7CB300A5C0EE;
			remoteInfo = ExampleApp;
		};
		A13A0FF724DF7F1800A5C0EE /* PBXContainerItemProxy */ = {
			isa = PBXContainerItemProxy;
			containerPortal = A13A0FC124DF7CB300A5C0EE /* Project object */;
			proxyType = 1;
			remoteGlobalIDString = A13A0FC824DF7CB300A5C0EE;
			remoteInfo = ExampleApp;
		};
/* End PBXContainerItemProxy section */

/* Begin PBXFileReference section */
		A13A0FC924DF7CB300A5C0EE /* ExampleApp.app */ = {isa = PBXFileReference; explicitFileType = wrapper.application; includeInIndex = 0; path = ExampleApp.app; sourceTree = BUILT_PRODUCTS_DIR; };
		A13A0FCC24DF7CB300A5C0EE /* AppDelegate.swift */ = {isa = PBXFileReference; lastKnownFileType = sourcecode.swift; path = AppDelegate.swift; sourceTree = "<group>"; };
		A13A0FCE24DF7CB300A5C0EE /* SceneDelegate.swift */ = {isa = PBXFileReference; lastKnownFileType = sourcecode.swift; path = SceneDelegate.swift; sourceTree = "<group>"; };
		A13A0FD024DF7CB300A5C0EE /* ContentView.swift */ = {isa = PBXFileReference; lastKnownFileType = sourcecode.swift; path = ContentView.swift; sourceTree = "<group>"; };
		A13A0FD224DF7CB500A5C0EE /* Assets.xcassets */ = {isa = PBXFileReference; lastKnownFileType = folder.assetcatalog; path = Assets.xcassets; sourceTree = "<group>"; };
		A13A0FD524DF7CB500A5C0EE /* Preview Assets.xcassets */ = {isa = PBXFileReference; lastKnownFileType = folder.assetcatalog; path = "Preview Assets.xcassets"; sourceTree = "<group>"; };
		A13A0FD824DF7CB500A5C0EE /* Base */ = {isa = PBXFileReference; lastKnownFileType = file.storyboard; name = Base; path = Base.lproj/LaunchScreen.storyboard; sourceTree = "<group>"; };
		A13A0FDA24DF7CB500A5C0EE /* Info.plist */ = {isa = PBXFileReference; lastKnownFileType = text.plist.xml; path = Info.plist; sourceTree = "<group>"; };
		A13A0FDF24DF7CB600A5C0EE /* ExampleAppTests.xctest */ = {isa = PBXFileReference; explicitFileType = wrapper.cfbundle; includeInIndex = 0; path = ExampleAppTests.xctest; sourceTree = BUILT_PRODUCTS_DIR; };
		A13A0FE324DF7CB600A5C0EE /* ExampleAppTests.swift */ = {isa = PBXFileReference; lastKnownFileType = sourcecode.swift; path = ExampleAppTests.swift; sourceTree = "<group>"; };
		A13A0FE524DF7CB600A5C0EE /* Info.plist */ = {isa = PBXFileReference; lastKnownFileType = text.plist.xml; path = Info.plist; sourceTree = "<group>"; };
		A13A0FF224DF7F1800A5C0EE /* OtherTests.xctest */ = {isa = PBXFileReference; explicitFileType = wrapper.cfbundle; includeInIndex = 0; path = OtherTests.xctest; sourceTree = BUILT_PRODUCTS_DIR; };
		A13A0FF424DF7F1800A5C0EE /* OtherTests.swift */ = {isa = PBXFileReference; lastKnownFileType = sourcecode.swift; path = OtherTests.swift; sourceTree = "<group>"; };
		A13A0FF624DF7F1800A5C0EE /* Info.plist */ = {isa = PBXFileReference; lastKnownFileType = text.plist.xml; path = Info.plist; sourceTree = "<group>"; };
/* End PBXFileReference section */

/* Begin PBXFrameworksBuildPhase section */
		A13A0FC624DF7CB300A5C0EE /* Frameworks */ = {
			isa = PBXFrameworksBuildPhase;
			buildActionMask = 2147483647;
			files = (
			);
			runOnlyForDeploymentPostprocessing = 0;
		};
		A13A0FDC24DF7CB600A5C0EE /* Frameworks */ = {
			isa = PBXFrameworksBuildPhase;
			buildActionMask = 2147483647;
			files = (
			);
			runOnlyForDeploymentPostprocessing = 0;
		};
		A13A0FEF24DF7F1800A5C0EE /* Frameworks */ = {
			isa = PBXFrameworksBuildPhase;
			buildActionMask = 2147483647;
			files = (
			);
			runOnlyForDeploymentPostprocessing = 0;
		};
/* End PBXFrameworksBuildPhase section */

/* Begin PBXGroup section */
		A13A0FC024DF7CB300A5C0EE = {
			isa = PBXGroup;
			children = (
				A13A0FCB24DF7CB300A5C0EE /* ExampleApp */,
				A13A0FE224DF7CB600A5C0EE /* ExampleAppTests */,
				A13A0FF324DF7F1800A5C0EE /* OtherTests */,
				A13A0FCA24DF7CB300A5C0EE /* Products */,
			);
			sourceTree = "<group>";
		};
		A13A0FCA24DF7CB300A5C0EE /* Products */ = {
			isa = PBXGroup;
			children = (
				A13A0FC924DF7CB300A5C0EE /* ExampleApp.app */,
				A13A0FDF24DF7CB600A5C0EE /* ExampleAppTests.xctest */,
				A13A0FF224DF7F1800A5C0EE /* OtherTests.xctest */,
			);
			name = Products;
			sourceTree = "<group>";
		};
		A13A0FCB24DF7CB300A5C0EE /* ExampleApp */ = {
			isa = PBXGroup;
			children = (
				A13A0FCC24DF7CB300A5C0EE /* AppDelegate.swift */,
				A13A0FCE24DF7CB300A5C0EE /* SceneDelegate.swift */,
				A13A0FD024DF7CB300A5C0EE /* ContentView.swift */,
				A13A0FD224DF7CB500A5C0EE /* Assets.xcassets */,
				A13A0FD724DF7CB500A5C0EE /* LaunchScreen.storyboard */,
				A13A0FDA24DF7CB500A5C0EE /* Info.plist */,
				A13A0FD424DF7CB500A5C0EE /* Preview Content */,
			);
			path = ExampleApp;
			sourceTree = "<group>";
		};
		A13A0FD424DF7CB500A5C0EE /* Preview Content */ = {
			isa = PBXGroup;
			children = (
				A13A0FD524DF7CB500A5C0EE /* Preview Assets.xcassets */,
			);
			path = "Preview Content";
			sourceTree = "<group>";
		};
		A13A0FE224DF7CB600A5C0EE /* ExampleAppTests */ = {
			isa = PBXGroup;
			children = (
				A13A0FE324DF7CB600A5C0EE /* ExampleAppTests.swift */,
				A13A0FE524DF7CB600A5C0EE /* Info.plist */,
			);
			path = ExampleAppTests;
			sourceTree = "<group>";
		};
		A13A0FF324DF7F1800A5C0EE /* OtherTests */ = {
			isa = PBXGroup;
			children = (
				A13A0FF424DF7F1800A5C0EE /* OtherTests.swift */,
				A13A0FF624DF7F1800A5C0EE /* Info.plist */,
			);
			path = OtherTests;
			sourceTree = "<group>";
		};
/* End PBXGroup section */

/* Begin PBXNativeTarget section */
		A13A0FC824DF7CB300A5C0EE /* ExampleApp */ = {
			isa = PBXNativeTarget;
			buildConfigurationList = A13A0FE824DF7CB600A5C0EE /* Build configuration list for PBXNativeTarget "ExampleApp" */;
			buildPhases = (
				A13A0FC524DF7CB300A5C0EE /* Sources */,
				A13A0FC624DF7CB300A5C0EE /* Frameworks */,
				A13A0FC724DF7CB300A5C0EE /* Resources */,
			);
			buildRules = (
			);
			dependencies = (
			);
			name = ExampleApp;
			productName = ExampleApp;
			productReference = A13A0FC924DF7CB300A5C0EE /* ExampleApp.app */;
			productType = "com.apple.product-type.application";
		};
		A13A0FDE24DF7CB600A5C0EE /* ExampleAppTests */ = {
			isa = PBXNativeTarget;
			buildConfigurationList = A13A0FEB24DF7CB600A5C0EE /* Build configuration list for PBXNativeTarget "ExampleAppTests" */;
			buildPhases = (
				A13A0FDB24DF7CB600A5C0EE /* Sources */,
				A13A0FDC24DF7CB600A5C0EE /* Frameworks */,
				A13A0FDD24DF7CB600A5C0EE /* Resources */,
			);
			buildRules = (
			);
			dependencies = (
				A13A0FE124DF7CB600A5C0EE /* PBXTargetDependency */,
			);
			name = ExampleAppTests;
			productName = ExampleAppTests;
			productReference = A13A0FDF24DF7CB600A5C0EE /* ExampleAppTests.xctest */;
			productType = "com.apple.product-type.bundle.unit-test";
		};
		A13A0FF124DF7F1800A5C0EE /* OtherTests */ = {
			isa = PBXNativeTarget;
			buildConfigurationList = A13A0FF924DF7F1800A5C0EE /* Build configuration list for PBXNativeTarget "OtherTests" */;
			buildPhases = (
				A13A0FEE24DF7F1800A5C0EE /* Sources */,
				A13A0FEF24DF7F1800A5C0EE /* Frameworks */,
				A13A0FF024DF7F1800A5C0EE /* Resources */,
			);
			buildRules = (
			);
			dependencies = (
				A13A0FF824DF7F1800A5C0EE /* PBXTargetDependency */,
			);
			name = OtherTests;
			productName = OtherTests;
			productReference = A13A0FF224DF7F1800A5C0EE /* OtherTests.xctest */;
			productType = "com.apple.product-type.bundle.unit-test";
		};
/* End PBXNativeTarget section */

/* Begin PBXProject section */
		A13A0FC124DF7CB300A5C0EE /* Project object */ = {
			isa = PBXProject;
			attributes = {
				LastSwiftUpdateCheck = 1160;
				LastUpgradeCheck = 1160;
				ORGANIZATIONNAME = "Noah Gilmore";
				TargetAttributes = {
					A13A0FC824DF7CB300A5C0EE = {
						CreatedOnToolsVersion = 11.6;
					};
					A13A0FDE24DF7CB600A5C0EE = {
						CreatedOnToolsVersion = 11.6;
						TestTargetID = A13A0FC824DF7CB300A5C0EE;
					};
					A13A0FF124DF7F1800A5C0EE = {
						CreatedOnToolsVersion = 11.6;
						TestTargetID = A13A0FC824DF7CB300A5C0EE;
					};
				};
			};
			buildConfigurationList = A13A0FC424DF7CB300A5C0EE /* Build configuration list for PBXProject "ExampleApp" */;
			compatibilityVersion = "Xcode 9.3";
			developmentRegion = en;
			hasScannedForEncodings = 0;
			knownRegions = (
				en,
				Base,
			);
			mainGroup = A13A0FC024DF7CB300A5C0EE;
			productRefGroup = A13A0FCA24DF7CB300A5C0EE /* Products */;
			projectDirPath = "";
			projectRoot = "";
			targets = (
				A13A0FC824DF7CB300A5C0EE /* ExampleApp */,
				A13A0FDE24DF7CB600A5C0EE /* ExampleAppTests */,
				A13A0FF124DF7F1800A5C0EE /* OtherTests */,
			);
		};
/* End PBXProject section */

/* Begin PBXResourcesBuildPhase section */
		A13A0FC724DF7CB300A5C0EE /* Resources */ = {
			isa = PBXResourcesBuildPhase;
			buildActionMask = 2147483647;
			files = (
				A13A0FD924DF7CB500A5C0EE /* LaunchScreen.storyboard in Resources */,
				A13A0FD624DF7CB500A5C0EE /* Preview Assets.xcassets in Resources */,
				A13A0FD324DF7CB500A5C0EE /* Assets.xcassets in Resources */,
			);
			runOnlyForDeploymentPostprocessing = 0;
		};
		A13A0FDD24DF7CB600A5C0EE /* Resources */ = {
			isa = PBXResourcesBuildPhase;
			buildActionMask = 2147483647;
			files = (
			);
			runOnlyForDeploymentPostprocessing = 0;
		};
		A13A0FF024DF7F1800A5C0EE /* Resources */ = {
			isa = PBXResourcesBuildPhase;
			buildActionMask = 2147483647;
			files = (
			);
			runOnlyForDeploymentPostprocessing = 0;
		};
/* End PBXResourcesBuildPhase section */

/* Begin PBXSourcesBuildPhase section */
		A13A0FC524DF7CB300A5C0EE /* Sources */ = {
			isa = PBXSourcesBuildPhase;
			buildActionMask = 2147483647;
			files = (
				A13A0FCD24DF7CB300A5C0EE /* AppDelegate.swift in Sources */,
				A13A0FCF24DF7CB300A5C0EE /* SceneDelegate.swift in Sources */,
				A13A0FD124DF7CB300A5C0EE /* ContentView.swift in Sources */,
			);
			runOnlyForDeploymentPostprocessing = 0;
		};
		A13A0FDB24DF7CB600A5C0EE /* Sources */ = {
			isa = PBXSourcesBuildPhase;
			buildActionMask = 2147483647;
			files = (
				A13A0FE424DF7CB600A5C0EE /* ExampleAppTests.swift in Sources */,
			);
			runOnlyForDeploymentPostprocessing = 0;
		};
		A13A0FEE24DF7F1800A5C0EE /* Sources */ = {
			isa = PBXSourcesBuildPhase;
			buildActionMask = 2147483647;
			files = (
				A13A0FF524DF7F1800A5C0EE /* OtherTests.swift in Sources */,
			);
			runOnlyForDeploymentPostprocessing = 0;
		};
/* End PBXSourcesBuildPhase section */

/* Begin PBXTargetDependency section */
		A13A0FE124DF7CB600A5C0EE /* PBXTargetDependency */ = {
			isa = PBXTargetDependency;
			target = A13A0FC824DF7CB300A5C0EE /* ExampleApp */;
			targetProxy = A13A0FE024DF7CB600A5C0EE /* PBXContainerItemProxy */;
		};
		A13A0FF824DF7F1800A5C0EE /* PBXTargetDependency */ = {
			isa = PBXTargetDependency;
			target = A13A0FC824DF7CB300A5C0EE /* ExampleApp */;
			targetProxy = A13A0FF724DF7F1800A5C0EE /* PBXContainerItemProxy */;
		};
/* End PBXTargetDependency section */

/* Begin PBXVariantGroup section */
		A13A0FD724DF7CB500A5C0EE /* LaunchScreen.storyboard */ = {
			isa = PBXVariantGroup;
			children = (
				A13A0FD824DF7CB500A5C0EE /* Base */,
			);
			name = LaunchScreen.storyboard;
			sourceTree = "<group>";
		};
/* End PBXVariantGroup section */

/* Begin XCBuildConfiguration section */
		A13A0FE624DF7CB600A5C0EE /* Debug */ = {
			isa = XCBuildConfiguration;
			buildSettings = {
				ALWAYS_SEARCH_USER_PATHS = NO;
				CLANG_ANALYZER_NONNULL = YES;
				CLANG_ANALYZER_NUMBER_OBJECT_CONVERSION = YES_AGGRESSIVE;
				CLANG_CXX_LANGUAGE_STANDARD = "gnu++14";
				CLANG_CXX_LIBRARY = "libc++";
				CLANG_ENABLE_MODULES = YES;
				CLANG_ENABLE_OBJC_ARC = YES;
				CLANG_ENABLE_OBJC_WEAK = YES;
				CLANG_WARN_BLOCK_CAPTURE_AUTORELEASING = YES;
				CLANG_WARN_BOOL_CONVERSION = YES;
				CLANG_WARN_COMMA = YES;
				CLANG_WARN_CONSTANT_CONVERSION = YES;
				CLANG_WARN_DEPRECATED_OBJC_IMPLEMENTATIONS = YES;
				CLANG_WARN_DIRECT_OBJC_ISA_USAGE = YES_ERROR;
				CLANG_WARN_DOCUMENTATION_COMMENTS = YES;
				CLANG_WARN_EMPTY_BODY = YES;
				CLANG_WARN_ENUM_CONVERSION = YES;
				CLANG_WARN_INFINITE_RECURSION = YES;
				CLANG_WARN_INT_CONVERSION = YES;
				CLANG_WARN_NON_LITERAL_NULL_CONVERSION = YES;
				CLANG_WARN_OBJC_IMPLICIT_RETAIN_SELF = YES;
				CLANG_WARN_OBJC_LITERAL_CONVERSION = YES;
				CLANG_WARN_OBJC_ROOT_CLASS = YES_ERROR;
				CLANG_WARN_RANGE_LOOP_ANALYSIS = YES;
				CLANG_WARN_STRICT_PROTOTYPES = YES;
				CLANG_WARN_SUSPICIOUS_MOVE = YES;
				CLANG_WARN_UNGUARDED_AVAILABILITY = YES_AGGRESSIVE;
				CLANG_WARN_UNREACHABLE_CODE = YES;
				CLANG_WARN__DUPLICATE_METHOD_MATCH = YES;
				COPY_PHASE_STRIP = NO;
				DEBUG_INFORMATION_FORMAT = dwarf;
				ENABLE_STRICT_OBJC_MSGSEND = YES;
				ENABLE_TESTABILITY = YES;
				GCC_C_LANGUAGE_STANDARD = gnu11;
				GCC_DYNAMIC_NO_PIC = NO;
				GCC_NO_COMMON_BLOCKS = YES;
				GCC_OPTIMIZATION_LEVEL = 0;
				GCC_PREPROCESSOR_DEFINITIONS = (
					"DEBUG=1",
					"$(inherited)",
				);
				GCC_WARN_64_TO_32_BIT_CONVERSION = YES;
				GCC_WARN_ABOUT_RETURN_TYPE = YES_ERROR;
				GCC_WARN_UNDECLARED_SELECTOR = YES;
				GCC_WARN_UNINITIALIZED_AUTOS = YES_AGGRESSIVE;
				GCC_WARN_UNUSED_FUNCTION = YES;
				GCC_WARN_UNUSED_VARIABLE = YES;
				IPHONEOS_DEPLOYMENT_TARGET = 13.6;
				MTL_ENABLE_DEBUG_INFO = INCLUDE_SOURCE;
				MTL_FAST_MATH = YES;
				ONLY_ACTIVE_ARCH = YES;
				SDKROOT = iphoneos;
				SWIFT_ACTIVE_COMPILATION_CONDITIONS = DEBUG;
				SWIFT_OPTIMIZATION_LEVEL = "-Onone";
			};
			name = Debug;
		};
		A13A0FE724DF7CB600A5C0EE /* Release */ = {
			isa = XCBuildConfiguration;
			buildSettings = {
				ALWAYS_SEARCH_USER_PATHS = NO;
				CLANG_ANALYZER_NONNULL = YES;
				CLANG_ANALYZER_NUMBER_OBJECT_CONVERSION = YES_AGGRESSIVE;
				CLANG_CXX_LANGUAGE_STANDARD = "gnu++14";
				CLANG_CXX_LIBRARY = "libc++";
				CLANG_ENABLE_MODULES = YES;
				CLANG_ENABLE_OBJC_ARC = YES;
				CLANG_ENABLE_OBJC_WEAK = YES;
				CLANG_WARN_BLOCK_CAPTURE_AUTORELEASING = YES;
				CLANG_WARN_BOOL_CONVERSION = YES;
				CLANG_WARN_COMMA = YES;
				CLANG_WARN_CONSTANT_CONVERSION = YES;
				CLANG_WARN_DEPRECATED_OBJC_IMPLEMENTATIONS = YES;
				CLANG_WARN_DIRECT_OBJC_ISA_USAGE = YES_ERROR;
				CLANG_WARN_DOCUMENTATION_COMMENTS = YES;
				CLANG_WARN_EMPTY_BODY = YES;
				CLANG_WARN_ENUM_CONVERSION = YES;
				CLANG_WARN_INFINITE_RECURSION = YES;
				CLANG_WARN_INT_CONVERSION = YES;
				CLANG_WARN_NON_LITERAL_NULL_CONVERSION = YES;
				CLANG_WARN_OBJC_IMPLICIT_RETAIN_SELF = YES;
				CLANG_WARN_OBJC_LITERAL_CONVERSION = YES;
				CLANG_WARN_OBJC_ROOT_CLASS = YES_ERROR;
				CLANG_WARN_RANGE_LOOP_ANALYSIS = YES;
				CLANG_WARN_STRICT_PROTOTYPES = YES;
				CLANG_WARN_SUSPICIOUS_MOVE = YES;
				CLANG_WARN_UNGUARDED_AVAILABILITY = YES_AGGRESSIVE;
				CLANG_WARN_UNREACHABLE_CODE = YES;
				CLANG_WARN__DUPLICATE_METHOD_MATCH = YES;
				COPY_PHASE_STRIP = NO;
				DEBUG_INFORMATION_FORMAT = "dwarf-with-dsym";
				ENABLE_NS_ASSERTIONS = NO;
				ENABLE_STRICT_OBJC_MSGSEND = YES;
				GCC_C_LANGUAGE_STANDARD = gnu11;
				GCC_NO_COMMON_BLOCKS = YES;
				GCC_WARN_64_TO_32_BIT_CONVERSION = YES;
				GCC_WARN_ABOUT_RETURN_TYPE = YES_ERROR;
				GCC_WARN_UNDECLARED_SELECTOR = YES;
				GCC_WARN_UNINITIALIZED_AUTOS = YES_AGGRESSIVE;
				GCC_WARN_UNUSED_FUNCTION = YES;
				GCC_WARN_UNUSED_VARIABLE = YES;
				IPHONEOS_DEPLOYMENT_TARGET = 13.6;
				MTL_ENABLE_DEBUG_INFO = NO;
				MTL_FAST_MATH = YES;
				SDKROOT = iphoneos;
				SWIFT_COMPILATION_MODE = wholemodule;
				SWIFT_OPTIMIZATION_LEVEL = "-O";
				VALIDATE_PRODUCT = YES;
			};
			name = Release;
		};
		A13A0FE924DF7CB600A5C0EE /* Debug */ = {
			isa = XCBuildConfiguration;
			buildSettings = {
				ASSETCATALOG_COMPILER_APPICON_NAME = AppIcon;
				CODE_SIGN_STYLE = Automatic;
				DEVELOPMENT_ASSET_PATHS = "\"ExampleApp/Preview Content\"";
				DEVELOPMENT_TEAM = 29P3YRFLV5;
				ENABLE_PREVIEWS = YES;
				INFOPLIST_FILE = ExampleApp/Info.plist;
				LD_RUNPATH_SEARCH_PATHS = (
					"$(inherited)",
					"@executable_path/Frameworks",
				);
				PRODUCT_BUNDLE_IDENTIFIER = com.noahgilmore.ExampleApp;
				PRODUCT_NAME = "$(TARGET_NAME)";
				SWIFT_VERSION = 5.0;
				TARGETED_DEVICE_FAMILY = "1,2";
			};
			name = Debug;
		};
		A13A0FEA24DF7CB600A5C0EE /* Release */ = {
			isa = XCBuildConfiguration;
			buildSettings = {
				ASSETCATALOG_COMPILER_APPICON_NAME = AppIcon;
				CODE_SIGN_STYLE = Automatic;
				DEVELOPMENT_ASSET_PATHS = "\"ExampleApp/Preview Content\"";
				DEVELOPMENT_TEAM = 29P3YRFLV5;
				ENABLE_PREVIEWS = YES;
				INFOPLIST_FILE = ExampleApp/Info.plist;
				LD_RUNPATH_SEARCH_PATHS = (
					"$(inherited)",
					"@executable_path/Frameworks",
				);
				PRODUCT_BUNDLE_IDENTIFIER = com.noahgilmore.ExampleApp;
				PRODUCT_NAME = "$(TARGET_NAME)";
				SWIFT_VERSION = 5.0;
				TARGETED_DEVICE_FAMILY = "1,2";
			};
			name = Release;
		};
		A13A0FEC24DF7CB600A5C0EE /* Debug */ = {
			isa = XCBuildConfiguration;
			buildSettings = {
				ALWAYS_EMBED_SWIFT_STANDARD_LIBRARIES = YES;
				BUNDLE_LOADER = "$(TEST_HOST)";
				CODE_SIGN_STYLE = Automatic;
				DEVELOPMENT_TEAM = 29P3YRFLV5;
				INFOPLIST_FILE = ExampleAppTests/Info.plist;
				IPHONEOS_DEPLOYMENT_TARGET = 13.6;
				LD_RUNPATH_SEARCH_PATHS = (
					"$(inherited)",
					"@executable_path/Frameworks",
					"@loader_path/Frameworks",
				);
				PRODUCT_BUNDLE_IDENTIFIER = com.noahgilmore.ExampleAppTests;
				PRODUCT_NAME = "$(TARGET_NAME)";
				SWIFT_VERSION = 5.0;
				TARGETED_DEVICE_FAMILY = "1,2";
				TEST_HOST = "$(BUILT_PRODUCTS_DIR)/ExampleApp.app/ExampleApp";
			};
			name = Debug;
		};
		A13A0FED24DF7CB600A5C0EE /* Release */ = {
			isa = XCBuildConfiguration;
			buildSettings = {
				ALWAYS_EMBED_SWIFT_STANDARD_LIBRARIES = YES;
				BUNDLE_LOADER = "$(TEST_HOST)";
				CODE_SIGN_STYLE = Automatic;
				DEVELOPMENT_TEAM = 29P3YRFLV5;
				INFOPLIST_FILE = ExampleAppTests/Info.plist;
				IPHONEOS_DEPLOYMENT_TARGET = 13.6;
				LD_RUNPATH_SEARCH_PATHS = (
					"$(inherited)",
					"@executable_path/Frameworks",
					"@loader_path/Frameworks",
				);
				PRODUCT_BUNDLE_IDENTIFIER = com.noahgilmore.ExampleAppTests;
				PRODUCT_NAME = "$(TARGET_NAME)";
				SWIFT_VERSION = 5.0;
				TARGETED_DEVICE_FAMILY = "1,2";
				TEST_HOST = "$(BUILT_PRODUCTS_DIR)/ExampleApp.app/ExampleApp";
			};
			name = Release;
		};
		A13A0FFA24DF7F1800A5C0EE /* Debug */ = {
			isa = XCBuildConfiguration;
			buildSettings = {
				BUNDLE_LOADER = "$(TEST_HOST)";
				CODE_SIGN_STYLE = Automatic;
				DEVELOPMENT_TEAM = 29P3YRFLV5;
				INFOPLIST_FILE = OtherTests/Info.plist;
				LD_RUNPATH_SEARCH_PATHS = (
					"$(inherited)",
					"@executable_path/Frameworks",
					"@loader_path/Frameworks",
				);
				PRODUCT_BUNDLE_IDENTIFIER = com.noahgilmore.OtherTests;
				PRODUCT_NAME = "$(TARGET_NAME)";
				SWIFT_VERSION = 5.0;
				TARGETED_DEVICE_FAMILY = "1,2";
				TEST_HOST = "$(BUILT_PRODUCTS_DIR)/ExampleApp.app/ExampleApp";
			};
			name = Debug;
		};
		A13A0FFB24DF7F1800A5C0EE /* Release */ = {
			isa = XCBuildConfiguration;
			buildSettings = {
				BUNDLE_LOADER = "$(TEST_HOST)";
				CODE_SIGN_STYLE = Automatic;
				DEVELOPMENT_TEAM = 29P3YRFLV5;
				INFOPLIST_FILE = OtherTests/Info.plist;
				LD_RUNPATH_SEARCH_PATHS = (
					"$(inherited)",
					"@executable_path/Frameworks",
					"@loader_path/Frameworks",
				);
				PRODUCT_BUNDLE_IDENTIFIER = com.noahgilmore.OtherTests;
				PRODUCT_NAME = "$(TARGET_NAME)";
				SWIFT_VERSION = 5.0;
				TARGETED_DEVICE_FAMILY = "1,2";
				TEST_HOST = "$(BUILT_PRODUCTS_DIR)/ExampleApp.app/ExampleApp";
			};
			name = Release;
		};
/* End XCBuildConfiguration section */

/* Begin XCConfigurationList section */
		A13A0FC424DF7CB300A5C0EE /* Build configuration list for PBXProject "ExampleApp" */ = {
			isa = XCConfigurationList;
			buildConfigurations = (
				A13A0FE624DF7CB600A5C0EE /* Debug */,
				A13A0FE724DF7CB600A5C0EE /* Release */,
			);
			defaultConfigurationIsVisible = 0;
			defaultConfigurationName = Release;
		};
		A13A0FE824DF7CB600A5C0EE /* Build configuration list for PBXNativeTarget "ExampleApp" */ = {
			isa = XCConfigurationList;
			buildConfigurations = (
				A13A0FE924DF7CB600A5C0EE /* Debug */,
				A13A0FEA24DF7CB600A5C0EE /* Release */,
			);
			defaultConfigurationIsVisible = 0;
			defaultConfigurationName = Release;
		};
		A13A0FEB24DF7CB600A5C0EE /* Build configuration list for PBXNativeTarget "ExampleAppTests" */ = {
			isa = XCConfigurationList;
			buildConfigurations = (
				A13A0FEC24DF7CB600A5C0EE /* Debug */,
				A13A0FED24DF7CB600A5C0EE /* Release */,
			);
			defaultConfigurationIsVisible = 0;
			defaultConfigurationName = Release;
		};
		A13A0FF924DF7F1800A5C0EE /* Build configuration list for PBXNativeTarget "OtherTests" */ = {
			isa = XCConfigurationList;
			buildConfigurations = (
				A13A0FFA24DF7F1800A5C0EE /* Debug */,
				A13A0FFB24DF7F1800A5C0EE /* Release */,
			);
			defaultConfigurationIsVisible = 0;
			defaultConfigurationName = Release;
		};
/* End XCConfigurationList section */
	};
	rootObject = A13A0FC124DF7CB300A5C0EE /* Project object */;
}
